<?xml version="1.0" encoding="utf-8"?>
<Project ToolsVersion="4.0" xmlns="http://schemas.microsoft.com/developer/msbuild/2003">
  <ItemGroup>
    <Filter Include="리소스 파일">
      <UniqueIdentifier>{67DA6AB6-F800-4c08-8B7A-83BB121AAD01}</UniqueIdentifier>
      <Extensions>rc;ico;cur;bmp;dlg;rc2;rct;bin;rgs;gif;jpg;jpeg;jpe;resx;tiff;tif;png;wav;mfcribbon-ms</Extensions>
    </Filter>
    <Filter Include="stdafx">
      <UniqueIdentifier>{5e3c7237-5c67-4b19-a18f-aaa02f132b04}</UniqueIdentifier>
    </Filter>
    <Filter Include="Share">
      <UniqueIdentifier>{5c46630b-2a79-47f9-9974-4a1da3bc0921}</UniqueIdentifier>
    </Filter>
    <Filter Include="Game">
      <UniqueIdentifier>{df4043e3-5060-420c-812d-2593148c1023}</UniqueIdentifier>
    </Filter>
    <Filter Include="Game\Obj">
      <UniqueIdentifier>{11af24d2-537f-4990-8b5a-3c85b3009f2e}</UniqueIdentifier>
    </Filter>
    <Filter Include="Network">
      <UniqueIdentifier>{ad18a53c-692a-40f6-a13b-10a6eee5f6e0}</UniqueIdentifier>
    </Filter>
    <Filter Include="Network\ClientSession">
      <UniqueIdentifier>{aba14d36-326b-4103-b5fb-0e6fb80cf5ac}</UniqueIdentifier>
    </Filter>
    <Filter Include="Network\ListenSocket">
      <UniqueIdentifier>{b9db6618-7e6d-4d79-9346-8c2ff26f2693}</UniqueIdentifier>
    </Filter>
    <Filter Include="Network\Server">
      <UniqueIdentifier>{f5f060f3-a918-477f-9bca-d9dd3ec5ad62}</UniqueIdentifier>
    </Filter>
    <Filter Include="Network\ExpOverlapped">
      <UniqueIdentifier>{1dffceda-928a-4a03-b294-c1414ff38dfa}</UniqueIdentifier>
    </Filter>
    <Filter Include="Network\RingBuffer">
      <UniqueIdentifier>{d33a9614-a979-4f99-a9b6-7e3f6f8c6d10}</UniqueIdentifier>
    </Filter>
    <Filter Include="Game\World">
      <UniqueIdentifier>{95f8aa58-58f8-4e47-a8b1-64077dcfffae}</UniqueIdentifier>
    </Filter>
    <Filter Include="Game\TimerEvent">
      <UniqueIdentifier>{a6fe6be5-30e4-4139-8fa2-33b00171a042}</UniqueIdentifier>
    </Filter>
    <Filter Include="Game\Obj\Character">
      <UniqueIdentifier>{bc41549f-d943-4fa3-8615-70e0aac9fa0d}</UniqueIdentifier>
    </Filter>
    <Filter Include="Game\Obj\Character\Monster">
      <UniqueIdentifier>{041754fe-5872-433e-a7ff-73630e1e320f}</UniqueIdentifier>
    </Filter>
    <Filter Include="Game\Obj\Character\Player">
      <UniqueIdentifier>{ee324b9a-a523-4b9f-b1f1-2461f8f250b1}</UniqueIdentifier>
    </Filter>
    <Filter Include="Game\Obj\Obj">
      <UniqueIdentifier>{07189d24-5fde-44d9-83e4-a580e73eb8a1}</UniqueIdentifier>
    </Filter>
    <Filter Include="Game\Script">
      <UniqueIdentifier>{ae043adb-1297-4cf8-bfdd-0b0ba82687f4}</UniqueIdentifier>
    </Filter>
    <Filter Include="Game\Script\LuaScript">
      <UniqueIdentifier>{092cb335-4fc2-4443-aaed-025649e9b9db}</UniqueIdentifier>
    </Filter>
    <Filter Include="Game\Script\Scriptable">
      <UniqueIdentifier>{4b89a97e-1028-4d11-a55d-1c0327c1aaba}</UniqueIdentifier>
    </Filter>
    <Filter Include="Game\Obj\Character\Character">
      <UniqueIdentifier>{f33105f2-ed0a-4cc0-9440-71411fd3334a}</UniqueIdentifier>
    </Filter>
  </ItemGroup>
  <ItemGroup>
    <ClCompile Include="stdafx.cpp">
      <Filter>stdafx</Filter>
    </ClCompile>
    <ClCompile Include="main.cpp" />
    <ClCompile Include="ClientSession.cpp">
      <Filter>Network\ClientSession</Filter>
    </ClCompile>
    <ClCompile Include="..\..\Share\SocketUtil.cpp">
      <Filter>Share</Filter>
    </ClCompile>
    <ClCompile Include="Player.cpp">
      <Filter>Game\Obj\Character\Player</Filter>
    </ClCompile>
    <ClCompile Include="ListenSocket.cpp">
      <Filter>Network\ListenSocket</Filter>
    </ClCompile>
    <ClCompile Include="Server.cpp">
      <Filter>Network\Server</Filter>
    </ClCompile>
    <ClCompile Include="ExpOverlapped.cpp">
      <Filter>Network\ExpOverlapped</Filter>
    </ClCompile>
    <ClCompile Include="Server-processpacket.cpp">
      <Filter>Network\Server</Filter>
    </ClCompile>
    <ClCompile Include="World.cpp">
      <Filter>Game\World</Filter>
    </ClCompile>
    <ClCompile Include="TimerEvent.cpp">
      <Filter>Game\TimerEvent</Filter>
    </ClCompile>
    <ClCompile Include="Monster.cpp">
      <Filter>Game\Obj\Character\Monster</Filter>
    </ClCompile>
    <ClCompile Include="Character.cpp">
      <Filter>Game\Obj\Character\Character</Filter>
    </ClCompile>
    <ClCompile Include="Obj.cpp">
      <Filter>Game\Obj\Obj</Filter>
    </ClCompile>
    <ClCompile Include="Script.cpp">
      <Filter>Game\Script\Scriptable</Filter>
    </ClCompile>
  </ItemGroup>
  <ItemGroup>
    <ClInclude Include="stdafx.h">
      <Filter>stdafx</Filter>
    </ClInclude>
    <ClInclude Include="..\..\Share\Defines.h">
      <Filter>Share</Filter>
    </ClInclude>
    <ClInclude Include="..\..\Share\Includes.h">
      <Filter>Share</Filter>
    </ClInclude>
    <ClInclude Include="..\..\Share\PacketZip.h">
      <Filter>Share</Filter>
    </ClInclude>
    <ClInclude Include="..\..\Share\Protocol.h">
      <Filter>Share</Filter>
    </ClInclude>
    <ClInclude Include="..\..\Share\Share.h">
      <Filter>Share</Filter>
    </ClInclude>
    <ClInclude Include="ClientSession.h">
      <Filter>Network\ClientSession</Filter>
    </ClInclude>
    <ClInclude Include="..\..\Share\SocketUtil.h">
      <Filter>Share</Filter>
    </ClInclude>
    <ClInclude Include="..\..\Share\enum.h">
      <Filter>Share</Filter>
    </ClInclude>
    <ClInclude Include="Player.h">
      <Filter>Game\Obj\Character\Player</Filter>
    </ClInclude>
    <ClInclude Include="Server.h">
      <Filter>Network\Server</Filter>
    </ClInclude>
    <ClInclude Include="ListenSocket.h">
      <Filter>Network\ListenSocket</Filter>
    </ClInclude>
    <ClInclude Include="ExpOverlapped.h">
      <Filter>Network\ExpOverlapped</Filter>
    </ClInclude>
    <ClInclude Include="RingBuffer.hpp">
      <Filter>Network\RingBuffer</Filter>
    </ClInclude>
    <ClInclude Include="..\..\Share\SUNKUE.hpp">
      <Filter>Share</Filter>
    </ClInclude>
    <ClInclude Include="World.h">
      <Filter>Game\World</Filter>
    </ClInclude>
    <ClInclude Include="TimerEvent.h">
      <Filter>Game\TimerEvent</Filter>
    </ClInclude>
    <ClInclude Include="Monster.h">
      <Filter>Game\Obj\Character\Monster</Filter>
    </ClInclude>
    <ClInclude Include="Character.h">
      <Filter>Game\Obj\Character\Character</Filter>
    </ClInclude>
    <ClInclude Include="Obj.h">
      <Filter>Game\Obj\Obj</Filter>
    </ClInclude>
    <ClInclude Include="Script.h">
      <Filter>Game\Script\Scriptable</Filter>
    </ClInclude>
  </ItemGroup>
  <ItemGroup>
    <None Include="LuaScript\Monster\monsterAi.lua">
      <Filter>Game\Script\LuaScript</Filter>
    </None>
  </ItemGroup>
</Project>